{
	"name": "@jssim/simulator",
	"version": "1.0.0",
	"lockfileVersion": 2,
	"requires": true,
	"packages": {
		"": {
			"name": "@jssim/simulator",
			"version": "1.0.0",
			"license": "GPL",
			"dependencies": {
				"tslib": "^2.4.0"
			},
			"devDependencies": {
				"peggy": "^2.0.1"
			}
		},
		"../math": {
			"name": "@jssim/math",
			"version": "1.0.0",
			"extraneous": true,
			"license": "GPL",
			"dependencies": {
				"tslib": "^2.4.0"
			},
			"devDependencies": {}
		},
		"node_modules/commander": {
			"version": "9.3.0",
			"dev": true,
			"license": "MIT",
			"engines": {
				"node": "^12.20.0 || >=14"
			}
		},
		"node_modules/peggy": {
			"version": "2.0.1",
			"resolved": "https://registry.npmjs.org/peggy/-/peggy-2.0.1.tgz",
			"integrity": "sha512-mBqfmdUAOVn7RILpXTbcRBhLfTR4Go0SresSnivGDdRylBOyVFJncFiVyCNNpPWq8HmgeRleXHs/Go4o8kQVXA==",
			"dev": true,
			"dependencies": {
				"commander": "^9.3.0",
				"source-map-generator": "0.8.0"
			},
			"bin": {
				"peggy": "bin/peggy.js"
			},
			"engines": {
				"node": ">=10"
			}
		},
		"node_modules/source-map-generator": {
			"version": "0.8.0",
			"dev": true,
			"license": "BSD-3-Clause",
			"engines": {
				"node": ">= 10"
			}
		},
		"node_modules/tslib": {
			"version": "2.4.0",
			"license": "0BSD"
		}
	},
	"dependencies": {
		"commander": {
			"version": "9.3.0",
			"dev": true
		},
		"peggy": {
			"version": "2.0.1",
			"resolved": "https://registry.npmjs.org/peggy/-/peggy-2.0.1.tgz",
			"integrity": "sha512-mBqfmdUAOVn7RILpXTbcRBhLfTR4Go0SresSnivGDdRylBOyVFJncFiVyCNNpPWq8HmgeRleXHs/Go4o8kQVXA==",
			"dev": true,
			"requires": {
				"commander": "^9.3.0",
				"source-map-generator": "0.8.0"
			}
		},
		"source-map-generator": {
			"version": "0.8.0",
			"dev": true
		},
		"tslib": {
			"version": "2.4.0"
		}
	}
}
